// !$*UTF8*$!
{
	archiveVersion = 1;
	classes = {
	};
	objectVersion = 50;
	objects = {

/* Begin PBXBuildFile section */
		40E9357B24C4CC7100704628 /* exp01 WatchKit App.app in Embed Watch Content */ = {isa = PBXBuildFile; fileRef = 40E9357A24C4CC7100704628 /* exp01 WatchKit App.app */; settings = {ATTRIBUTES = (RemoveHeadersOnCopy, ); }; };
		40E9358024C4CC7200704628 /* Assets.xcassets in Resources */ = {isa = PBXBuildFile; fileRef = 40E9357F24C4CC7200704628 /* Assets.xcassets */; };
		40E9358724C4CC7200704628 /* exp01 WatchKit Extension.appex in Embed App Extensions */ = {isa = PBXBuildFile; fileRef = 40E9358624C4CC7200704628 /* exp01 WatchKit Extension.appex */; settings = {ATTRIBUTES = (RemoveHeadersOnCopy, ); }; };
		40E9358C24C4CC7200704628 /* exp01App.swift in Sources */ = {isa = PBXBuildFile; fileRef = 40E9358B24C4CC7200704628 /* exp01App.swift */; };
		40E9358E24C4CC7200704628 /* ContentView.swift in Sources */ = {isa = PBXBuildFile; fileRef = 40E9358D24C4CC7200704628 /* ContentView.swift */; };
		40E9359024C4CC7200704628 /* NotificationController.swift in Sources */ = {isa = PBXBuildFile; fileRef = 40E9358F24C4CC7200704628 /* NotificationController.swift */; };
		40E9359224C4CC7200704628 /* NotificationView.swift in Sources */ = {isa = PBXBuildFile; fileRef = 40E9359124C4CC7200704628 /* NotificationView.swift */; };
		40E9359424C4CC7300704628 /* Assets.xcassets in Resources */ = {isa = PBXBuildFile; fileRef = 40E9359324C4CC7300704628 /* Assets.xcassets */; };
		40E9359724C4CC7300704628 /* Preview Assets.xcassets in Resources */ = {isa = PBXBuildFile; fileRef = 40E9359624C4CC7300704628 /* Preview Assets.xcassets */; };
/* End PBXBuildFile section */

/* Begin PBXContainerItemProxy section */
		40E9357C24C4CC7100704628 /* PBXContainerItemProxy */ = {
			isa = PBXContainerItemProxy;
			containerPortal = 40E9357024C4CC7100704628 /* Project object */;
			proxyType = 1;
			remoteGlobalIDString = 40E9357924C4CC7100704628;
			remoteInfo = "exp01 WatchKit App";
		};
		40E9358824C4CC7200704628 /* PBXContainerItemProxy */ = {
			isa = PBXContainerItemProxy;
			containerPortal = 40E9357024C4CC7100704628 /* Project object */;
			proxyType = 1;
			remoteGlobalIDString = 40E9358524C4CC7200704628;
			remoteInfo = "exp01 WatchKit Extension";
		};
/* End PBXContainerItemProxy section */

/* Begin PBXCopyFilesBuildPhase section */
		40E9359F24C4CC7300704628 /* Embed App Extensions */ = {
			isa = PBXCopyFilesBuildPhase;
			buildActionMask = 2147483647;
			dstPath = "";
			dstSubfolderSpec = 13;
			files = (
				40E9358724C4CC7200704628 /* exp01 WatchKit Extension.appex in Embed App Extensions */,
			);
			name = "Embed App Extensions";
			runOnlyForDeploymentPostprocessing = 0;
		};
		40E935A324C4CC7300704628 /* Embed Watch Content */ = {
			isa = PBXCopyFilesBuildPhase;
			buildActionMask = 2147483647;
			dstPath = "$(CONTENTS_FOLDER_PATH)/Watch";
			dstSubfolderSpec = 16;
			files = (
				40E9357B24C4CC7100704628 /* exp01 WatchKit App.app in Embed Watch Content */,
			);
			name = "Embed Watch Content";
			runOnlyForDeploymentPostprocessing = 0;
		};
/* End PBXCopyFilesBuildPhase section */

/* Begin PBXFileReference section */
		40E9357624C4CC7100704628 /* exp01.app */ = {isa = PBXFileReference; explicitFileType = wrapper.application; includeInIndex = 0; path = exp01.app; sourceTree = BUILT_PRODUCTS_DIR; };
		40E9357A24C4CC7100704628 /* exp01 WatchKit App.app */ = {isa = PBXFileReference; explicitFileType = wrapper.application; includeInIndex = 0; path = "exp01 WatchKit App.app"; sourceTree = BUILT_PRODUCTS_DIR; };
		40E9357F24C4CC7200704628 /* Assets.xcassets */ = {isa = PBXFileReference; lastKnownFileType = folder.assetcatalog; path = Assets.xcassets; sourceTree = "<group>"; };
		40E9358124C4CC7200704628 /* Info.plist */ = {isa = PBXFileReference; lastKnownFileType = text.plist.xml; path = Info.plist; sourceTree = "<group>"; };
		40E9358624C4CC7200704628 /* exp01 WatchKit Extension.appex */ = {isa = PBXFileReference; explicitFileType = "wrapper.app-extension"; includeInIndex = 0; path = "exp01 WatchKit Extension.appex"; sourceTree = BUILT_PRODUCTS_DIR; };
		40E9358B24C4CC7200704628 /* exp01App.swift */ = {isa = PBXFileReference; lastKnownFileType = sourcecode.swift; path = exp01App.swift; sourceTree = "<group>"; };
		40E9358D24C4CC7200704628 /* ContentView.swift */ = {isa = PBXFileReference; lastKnownFileType = sourcecode.swift; path = ContentView.swift; sourceTree = "<group>"; };
		40E9358F24C4CC7200704628 /* NotificationController.swift */ = {isa = PBXFileReference; lastKnownFileType = sourcecode.swift; path = NotificationController.swift; sourceTree = "<group>"; };
		40E9359124C4CC7200704628 /* NotificationView.swift */ = {isa = PBXFileReference; lastKnownFileType = sourcecode.swift; path = NotificationView.swift; sourceTree = "<group>"; };
		40E9359324C4CC7300704628 /* Assets.xcassets */ = {isa = PBXFileReference; lastKnownFileType = folder.assetcatalog; path = Assets.xcassets; sourceTree = "<group>"; };
		40E9359624C4CC7300704628 /* Preview Assets.xcassets */ = {isa = PBXFileReference; lastKnownFileType = folder.assetcatalog; path = "Preview Assets.xcassets"; sourceTree = "<group>"; };
		40E9359824C4CC7300704628 /* Info.plist */ = {isa = PBXFileReference; lastKnownFileType = text.plist.xml; path = Info.plist; sourceTree = "<group>"; };
		40E9359924C4CC7300704628 /* PushNotificationPayload.apns */ = {isa = PBXFileReference; lastKnownFileType = text; path = PushNotificationPayload.apns; sourceTree = "<group>"; };
/* End PBXFileReference section */

/* Begin PBXFrameworksBuildPhase section */
		40E9358324C4CC7200704628 /* Frameworks */ = {
			isa = PBXFrameworksBuildPhase;
			buildActionMask = 2147483647;
			files = (
			);
			runOnlyForDeploymentPostprocessing = 0;
		};
/* End PBXFrameworksBuildPhase section */

/* Begin PBXGroup section */
		40E9356F24C4CC7100704628 = {
			isa = PBXGroup;
			children = (
				40E9357E24C4CC7100704628 /* exp01 WatchKit App */,
				40E9358A24C4CC7200704628 /* exp01 WatchKit Extension */,
				40E9357724C4CC7100704628 /* Products */,
			);
			sourceTree = "<group>";
		};
		40E9357724C4CC7100704628 /* Products */ = {
			isa = PBXGroup;
			children = (
				40E9357624C4CC7100704628 /* exp01.app */,
				40E9357A24C4CC7100704628 /* exp01 WatchKit App.app */,
				40E9358624C4CC7200704628 /* exp01 WatchKit Extension.appex */,
			);
			name = Products;
			sourceTree = "<group>";
		};
		40E9357E24C4CC7100704628 /* exp01 WatchKit App */ = {
			isa = PBXGroup;
			children = (
				40E9357F24C4CC7200704628 /* Assets.xcassets */,
				40E9358124C4CC7200704628 /* Info.plist */,
			);
			path = "exp01 WatchKit App";
			sourceTree = "<group>";
		};
		40E9358A24C4CC7200704628 /* exp01 WatchKit Extension */ = {
			isa = PBXGroup;
			children = (
				40E9358B24C4CC7200704628 /* exp01App.swift */,
				40E9358D24C4CC7200704628 /* ContentView.swift */,
				40E9358F24C4CC7200704628 /* NotificationController.swift */,
				40E9359124C4CC7200704628 /* NotificationView.swift */,
				40E9359324C4CC7300704628 /* Assets.xcassets */,
				40E9359824C4CC7300704628 /* Info.plist */,
				40E9359924C4CC7300704628 /* PushNotificationPayload.apns */,
				40E9359524C4CC7300704628 /* Preview Content */,
			);
			path = "exp01 WatchKit Extension";
			sourceTree = "<group>";
		};
		40E9359524C4CC7300704628 /* Preview Content */ = {
			isa = PBXGroup;
			children = (
				40E9359624C4CC7300704628 /* Preview Assets.xcassets */,
			);
			path = "Preview Content";
			sourceTree = "<group>";
		};
/* End PBXGroup section */

/* Begin PBXNativeTarget section */
		40E9357524C4CC7100704628 /* exp01 */ = {
			isa = PBXNativeTarget;
			buildConfigurationList = 40E935A424C4CC7300704628 /* Build configuration list for PBXNativeTarget "exp01" */;
			buildPhases = (
				40E9357424C4CC7100704628 /* Resources */,
				40E935A324C4CC7300704628 /* Embed Watch Content */,
			);
			buildRules = (
			);
			dependencies = (
				40E9357D24C4CC7100704628 /* PBXTargetDependency */,
			);
			name = exp01;
			productName = exp01;
			productReference = 40E9357624C4CC7100704628 /* exp01.app */;
			productType = "com.apple.product-type.application.watchapp2-container";
		};
		40E9357924C4CC7100704628 /* exp01 WatchKit App */ = {
			isa = PBXNativeTarget;
			buildConfigurationList = 40E935A024C4CC7300704628 /* Build configuration list for PBXNativeTarget "exp01 WatchKit App" */;
			buildPhases = (
				40E9357824C4CC7100704628 /* Resources */,
				40E9359F24C4CC7300704628 /* Embed App Extensions */,
			);
			buildRules = (
			);
			dependencies = (
				40E9358924C4CC7200704628 /* PBXTargetDependency */,
			);
			name = "exp01 WatchKit App";
			productName = "exp01 WatchKit App";
			productReference = 40E9357A24C4CC7100704628 /* exp01 WatchKit App.app */;
			productType = "com.apple.product-type.application.watchapp2";
		};
		40E9358524C4CC7200704628 /* exp01 WatchKit Extension */ = {
			isa = PBXNativeTarget;
			buildConfigurationList = 40E9359C24C4CC7300704628 /* Build configuration list for PBXNativeTarget "exp01 WatchKit Extension" */;
			buildPhases = (
				40E9358224C4CC7200704628 /* Sources */,
				40E9358324C4CC7200704628 /* Frameworks */,
				40E9358424C4CC7200704628 /* Resources */,
			);
			buildRules = (
			);
			dependencies = (
			);
			name = "exp01 WatchKit Extension";
			productName = "exp01 WatchKit Extension";
			productReference = 40E9358624C4CC7200704628 /* exp01 WatchKit Extension.appex */;
			productType = "com.apple.product-type.watchkit2-extension";
		};
/* End PBXNativeTarget section */

/* Begin PBXProject section */
		40E9357024C4CC7100704628 /* Project object */ = {
			isa = PBXProject;
			attributes = {
				LastSwiftUpdateCheck = 1200;
				LastUpgradeCheck = 1200;
				TargetAttributes = {
					40E9357524C4CC7100704628 = {
						CreatedOnToolsVersion = 12.0;
					};
					40E9357924C4CC7100704628 = {
						CreatedOnToolsVersion = 12.0;
					};
					40E9358524C4CC7200704628 = {
						CreatedOnToolsVersion = 12.0;
					};
				};
			};
			buildConfigurationList = 40E9357324C4CC7100704628 /* Build configuration list for PBXProject "exp01" */;
			compatibilityVersion = "Xcode 9.3";
			developmentRegion = en;
			hasScannedForEncodings = 0;
			knownRegions = (
				en,
				Base,
			);
			mainGroup = 40E9356F24C4CC7100704628;
			productRefGroup = 40E9357724C4CC7100704628 /* Products */;
			projectDirPath = "";
			projectRoot = "";
			targets = (
				40E9357524C4CC7100704628 /* exp01 */,
				40E9357924C4CC7100704628 /* exp01 WatchKit App */,
				40E9358524C4CC7200704628 /* exp01 WatchKit Extension */,
			);
		};
/* End PBXProject section */

/* Begin PBXResourcesBuildPhase section */
		40E9357424C4CC7100704628 /* Resources */ = {
			isa = PBXResourcesBuildPhase;
			buildActionMask = 2147483647;
			files = (
			);
			runOnlyForDeploymentPostprocessing = 0;
		};
		40E9357824C4CC7100704628 /* Resources */ = {
			isa = PBXResourcesBuildPhase;
			buildActionMask = 2147483647;
			files = (
				40E9358024C4CC7200704628 /* Assets.xcassets in Resources */,
			);
			runOnlyForDeploymentPostprocessing = 0;
		};
		40E9358424C4CC7200704628 /* Resources */ = {
			isa = PBXResourcesBuildPhase;
			buildActionMask = 2147483647;
			files = (
				40E9359724C4CC7300704628 /* Preview Assets.xcassets in Resources */,
				40E9359424C4CC7300704628 /* Assets.xcassets in Resources */,
			);
			runOnlyForDeploymentPostprocessing = 0;
		};
/* End PBXResourcesBuildPhase section */

/* Begin PBXSourcesBuildPhase section */
		40E9358224C4CC7200704628 /* Sources */ = {
			isa = PBXSourcesBuildPhase;
			buildActionMask = 2147483647;
			files = (
				40E9359024C4CC7200704628 /* NotificationController.swift in Sources */,
				40E9358E24C4CC7200704628 /* ContentView.swift in Sources */,
				40E9358C24C4CC7200704628 /* exp01App.swift in Sources */,
				40E9359224C4CC7200704628 /* NotificationView.swift in Sources */,
			);
			runOnlyForDeploymentPostprocessing = 0;
		};
/* End PBXSourcesBuildPhase section */

/* Begin PBXTargetDependency section */
		40E9357D24C4CC7100704628 /* PBXTargetDependency */ = {
			isa = PBXTargetDependency;
			target = 40E9357924C4CC7100704628 /* exp01 WatchKit App */;
			targetProxy = 40E9357C24C4CC7100704628 /* PBXContainerItemProxy */;
		};
		40E9358924C4CC7200704628 /* PBXTargetDependency */ = {
			isa = PBXTargetDependency;
			target = 40E9358524C4CC7200704628 /* exp01 WatchKit Extension */;
			targetProxy = 40E9358824C4CC7200704628 /* PBXContainerItemProxy */;
		};
/* End PBXTargetDependency section */

/* Begin XCBuildConfiguration section */
		40E9359A24C4CC7300704628 /* Debug */ = {
			isa = XCBuildConfiguration;
			buildSettings = {
				ALWAYS_SEARCH_USER_PATHS = NO;
				CLANG_ANALYZER_NONNULL = YES;
				CLANG_ANALYZER_NUMBER_OBJECT_CONVERSION = YES_AGGRESSIVE;
				CLANG_CXX_LANGUAGE_STANDARD = "gnu++14";
				CLANG_CXX_LIBRARY = "libc++";
				CLANG_ENABLE_MODULES = YES;
				CLANG_ENABLE_OBJC_ARC = YES;
				CLANG_ENABLE_OBJC_WEAK = YES;
				CLANG_WARN_BLOCK_CAPTURE_AUTORELEASING = YES;
				CLANG_WARN_BOOL_CONVERSION = YES;
				CLANG_WARN_COMMA = YES;
				CLANG_WARN_CONSTANT_CONVERSION = YES;
				CLANG_WARN_DEPRECATED_OBJC_IMPLEMENTATIONS = YES;
				CLANG_WARN_DIRECT_OBJC_ISA_USAGE = YES_ERROR;
				CLANG_WARN_DOCUMENTATION_COMMENTS = YES;
				CLANG_WARN_EMPTY_BODY = YES;
				CLANG_WARN_ENUM_CONVERSION = YES;
				CLANG_WARN_INFINITE_RECURSION = YES;
				CLANG_WARN_INT_CONVERSION = YES;
				CLANG_WARN_NON_LITERAL_NULL_CONVERSION = YES;
				CLANG_WARN_OBJC_IMPLICIT_RETAIN_SELF = YES;
				CLANG_WARN_OBJC_LITERAL_CONVERSION = YES;
				CLANG_WARN_OBJC_ROOT_CLASS = YES_ERROR;
				CLANG_WARN_QUOTED_INCLUDE_IN_FRAMEWORK_HEADER = YES;
				CLANG_WARN_RANGE_LOOP_ANALYSIS = YES;
				CLANG_WARN_STRICT_PROTOTYPES = YES;
				CLANG_WARN_SUSPICIOUS_MOVE = YES;
				CLANG_WARN_UNGUARDED_AVAILABILITY = YES_AGGRESSIVE;
				CLANG_WARN_UNREACHABLE_CODE = YES;
				CLANG_WARN__DUPLICATE_METHOD_MATCH = YES;
				COPY_PHASE_STRIP = NO;
				DEBUG_INFORMATION_FORMAT = dwarf;
				ENABLE_STRICT_OBJC_MSGSEND = YES;
				ENABLE_TESTABILITY = YES;
				GCC_C_LANGUAGE_STANDARD = gnu11;
				GCC_DYNAMIC_NO_PIC = NO;
				GCC_NO_COMMON_BLOCKS = YES;
				GCC_OPTIMIZATION_LEVEL = 0;
				GCC_PREPROCESSOR_DEFINITIONS = (
					"DEBUG=1",
					"$(inherited)",
				);
				GCC_WARN_64_TO_32_BIT_CONVERSION = YES;
				GCC_WARN_ABOUT_RETURN_TYPE = YES_ERROR;
				GCC_WARN_UNDECLARED_SELECTOR = YES;
				GCC_WARN_UNINITIALIZED_AUTOS = YES_AGGRESSIVE;
				GCC_WARN_UNUSED_FUNCTION = YES;
				GCC_WARN_UNUSED_VARIABLE = YES;
				MTL_ENABLE_DEBUG_INFO = INCLUDE_SOURCE;
				MTL_FAST_MATH = YES;
				ONLY_ACTIVE_ARCH = YES;
				SDKROOT = iphoneos;
				SWIFT_ACTIVE_COMPILATION_CONDITIONS = DEBUG;
				SWIFT_OPTIMIZATION_LEVEL = "-Onone";
			};
			name = Debug;
		};
		40E9359B24C4CC7300704628 /* Release */ = {
			isa = XCBuildConfiguration;
			buildSettings = {
				ALWAYS_SEARCH_USER_PATHS = NO;
				CLANG_ANALYZER_NONNULL = YES;
				CLANG_ANALYZER_NUMBER_OBJECT_CONVERSION = YES_AGGRESSIVE;
				CLANG_CXX_LANGUAGE_STANDARD = "gnu++14";
				CLANG_CXX_LIBRARY = "libc++";
				CLANG_ENABLE_MODULES = YES;
				CLANG_ENABLE_OBJC_ARC = YES;
				CLANG_ENABLE_OBJC_WEAK = YES;
				CLANG_WARN_BLOCK_CAPTURE_AUTORELEASING = YES;
				CLANG_WARN_BOOL_CONVERSION = YES;
				CLANG_WARN_COMMA = YES;
				CLANG_WARN_CONSTANT_CONVERSION = YES;
				CLANG_WARN_DEPRECATED_OBJC_IMPLEMENTATIONS = YES;
				CLANG_WARN_DIRECT_OBJC_ISA_USAGE = YES_ERROR;
				CLANG_WARN_DOCUMENTATION_COMMENTS = YES;
				CLANG_WARN_EMPTY_BODY = YES;
				CLANG_WARN_ENUM_CONVERSION = YES;
				CLANG_WARN_INFINITE_RECURSION = YES;
				CLANG_WARN_INT_CONVERSION = YES;
				CLANG_WARN_NON_LITERAL_NULL_CONVERSION = YES;
				CLANG_WARN_OBJC_IMPLICIT_RETAIN_SELF = YES;
				CLANG_WARN_OBJC_LITERAL_CONVERSION = YES;
				CLANG_WARN_OBJC_ROOT_CLASS = YES_ERROR;
				CLANG_WARN_QUOTED_INCLUDE_IN_FRAMEWORK_HEADER = YES;
				CLANG_WARN_RANGE_LOOP_ANALYSIS = YES;
				CLANG_WARN_STRICT_PROTOTYPES = YES;
				CLANG_WARN_SUSPICIOUS_MOVE = YES;
				CLANG_WARN_UNGUARDED_AVAILABILITY = YES_AGGRESSIVE;
				CLANG_WARN_UNREACHABLE_CODE = YES;
				CLANG_WARN__DUPLICATE_METHOD_MATCH = YES;
				COPY_PHASE_STRIP = NO;
				DEBUG_INFORMATION_FORMAT = "dwarf-with-dsym";
				ENABLE_NS_ASSERTIONS = NO;
				ENABLE_STRICT_OBJC_MSGSEND = YES;
				GCC_C_LANGUAGE_STANDARD = gnu11;
				GCC_NO_COMMON_BLOCKS = YES;
				GCC_WARN_64_TO_32_BIT_CONVERSION = YES;
				GCC_WARN_ABOUT_RETURN_TYPE = YES_ERROR;
				GCC_WARN_UNDECLARED_SELECTOR = YES;
				GCC_WARN_UNINITIALIZED_AUTOS = YES_AGGRESSIVE;
				GCC_WARN_UNUSED_FUNCTION = YES;
				GCC_WARN_UNUSED_VARIABLE = YES;
				MTL_ENABLE_DEBUG_INFO = NO;
				MTL_FAST_MATH = YES;
				SDKROOT = iphoneos;
				SWIFT_COMPILATION_MODE = wholemodule;
				SWIFT_OPTIMIZATION_LEVEL = "-O";
				VALIDATE_PRODUCT = YES;
			};
			name = Release;
		};
		40E9359D24C4CC7300704628 /* Debug */ = {
			isa = XCBuildConfiguration;
			buildSettings = {
				ASSETCATALOG_COMPILER_COMPLICATION_NAME = Complication;
				CODE_SIGN_STYLE = Automatic;
				DEVELOPMENT_ASSET_PATHS = "\"exp01 WatchKit Extension/Preview Content\"";
				ENABLE_PREVIEWS = YES;
				INFOPLIST_FILE = "exp01 WatchKit Extension/Info.plist";
				LD_RUNPATH_SEARCH_PATHS = (
					"$(inherited)",
					"@executable_path/Frameworks",
					"@executable_path/../../Frameworks",
				);
				PRODUCT_BUNDLE_IDENTIFIER = rg.exp01.watchkitapp.watchkitextension;
				PRODUCT_NAME = "${TARGET_NAME}";
				SDKROOT = watchos;
				SKIP_INSTALL = YES;
				SWIFT_VERSION = 5.0;
				TARGETED_DEVICE_FAMILY = 4;
				WATCHOS_DEPLOYMENT_TARGET = 7.0;
			};
			name = Debug;
		};
		40E9359E24C4CC7300704628 /* Release */ = {
			isa = XCBuildConfiguration;
			buildSettings = {
				ASSETCATALOG_COMPILER_COMPLICATION_NAME = Complication;
				CODE_SIGN_STYLE = Automatic;
				DEVELOPMENT_ASSET_PATHS = "\"exp01 WatchKit Extension/Preview Content\"";
				ENABLE_PREVIEWS = YES;
				INFOPLIST_FILE = "exp01 WatchKit Extension/Info.plist";
				LD_RUNPATH_SEARCH_PATHS = (
					"$(inherited)",
					"@executable_path/Frameworks",
					"@executable_path/../../Frameworks",
				);
				PRODUCT_BUNDLE_IDENTIFIER = rg.exp01.watchkitapp.watchkitextension;
				PRODUCT_NAME = "${TARGET_NAME}";
				SDKROOT = watchos;
				SKIP_INSTALL = YES;
				SWIFT_VERSION = 5.0;
				TARGETED_DEVICE_FAMILY = 4;
				WATCHOS_DEPLOYMENT_TARGET = 7.0;
			};
			name = Release;
		};
		40E935A124C4CC7300704628 /* Debug */ = {
			isa = XCBuildConfiguration;
			buildSettings = {
				ALWAYS_EMBED_SWIFT_STANDARD_LIBRARIES = YES;
				ASSETCATALOG_COMPILER_APPICON_NAME = AppIcon;
				ASSETCATALOG_COMPILER_GLOBAL_ACCENT_COLOR_NAME = AccentColor;
				CODE_SIGN_STYLE = Automatic;
				IBSC_MODULE = exp01_WatchKit_Extension;
				INFOPLIST_FILE = "exp01 WatchKit App/Info.plist";
				PRODUCT_BUNDLE_IDENTIFIER = rg.exp01.watchkitapp;
				PRODUCT_NAME = "$(TARGET_NAME)";
				SDKROOT = watchos;
				SKIP_INSTALL = YES;
				SWIFT_VERSION = 5.0;
				TARGETED_DEVICE_FAMILY = 4;
				WATCHOS_DEPLOYMENT_TARGET = 7.0;
			};
			name = Debug;
		};
		40E935A224C4CC7300704628 /* Release */ = {
			isa = XCBuildConfiguration;
			buildSettings = {
				ALWAYS_EMBED_SWIFT_STANDARD_LIBRARIES = YES;
				ASSETCATALOG_COMPILER_APPICON_NAME = AppIcon;
				ASSETCATALOG_COMPILER_GLOBAL_ACCENT_COLOR_NAME = AccentColor;
				CODE_SIGN_STYLE = Automatic;
				IBSC_MODULE = exp01_WatchKit_Extension;
				INFOPLIST_FILE = "exp01 WatchKit App/Info.plist";
				PRODUCT_BUNDLE_IDENTIFIER = rg.exp01.watchkitapp;
				PRODUCT_NAME = "$(TARGET_NAME)";
				SDKROOT = watchos;
				SKIP_INSTALL = YES;
				SWIFT_VERSION = 5.0;
				TARGETED_DEVICE_FAMILY = 4;
				WATCHOS_DEPLOYMENT_TARGET = 7.0;
			};
			name = Release;
		};
		40E935A524C4CC7300704628 /* Debug */ = {
			isa = XCBuildConfiguration;
			buildSettings = {
				ASSETCATALOG_COMPILER_GLOBAL_ACCENT_COLOR_NAME = AccentColor;
				CODE_SIGN_STYLE = Automatic;
				CURRENT_PROJECT_VERSION = 1;
				MARKETING_VERSION = 1.0;
				PRODUCT_BUNDLE_IDENTIFIER = rg.exp01;
				PRODUCT_NAME = "$(TARGET_NAME)";
				SWIFT_VERSION = 5.0;
			};
			name = Debug;
		};
		40E935A624C4CC7300704628 /* Release */ = {
			isa = XCBuildConfiguration;
			buildSettings = {
				ASSETCATALOG_COMPILER_GLOBAL_ACCENT_COLOR_NAME = AccentColor;
				CODE_SIGN_STYLE = Automatic;
				CURRENT_PROJECT_VERSION = 1;
				MARKETING_VERSION = 1.0;
				PRODUCT_BUNDLE_IDENTIFIER = rg.exp01;
				PRODUCT_NAME = "$(TARGET_NAME)";
				SWIFT_VERSION = 5.0;
			};
			name = Release;
		};
/* End XCBuildConfiguration section */

/* Begin XCConfigurationList section */
		40E9357324C4CC7100704628 /* Build configuration list for PBXProject "exp01" */ = {
			isa = XCConfigurationList;
			buildConfigurations = (
				40E9359A24C4CC7300704628 /* Debug */,
				40E9359B24C4CC7300704628 /* Release */,
			);
			defaultConfigurationIsVisible = 0;
			defaultConfigurationName = Release;
		};
		40E9359C24C4CC7300704628 /* Build configuration list for PBXNativeTarget "exp01 WatchKit Extension" */ = {
			isa = XCConfigurationList;
			buildConfigurations = (
				40E9359D24C4CC7300704628 /* Debug */,
				40E9359E24C4CC7300704628 /* Release */,
			);
			defaultConfigurationIsVisible = 0;
			defaultConfigurationName = Release;
		};
		40E935A024C4CC7300704628 /* Build configuration list for PBXNativeTarget "exp01 WatchKit App" */ = {
			isa = XCConfigurationList;
			buildConfigurations = (
				40E935A124C4CC7300704628 /* Debug */,
				40E935A224C4CC7300704628 /* Release */,
			);
			defaultConfigurationIsVisible = 0;
			defaultConfigurationName = Release;
		};
		40E935A424C4CC7300704628 /* Build configuration list for PBXNativeTarget "exp01" */ = {
			isa = XCConfigurationList;
			buildConfigurations = (
				40E935A524C4CC7300704628 /* Debug */,
				40E935A624C4CC7300704628 /* Release */,
			);
			defaultConfigurationIsVisible = 0;
			defaultConfigurationName = Release;
		};
/* End XCConfigurationList section */
	};
	rootObject = 40E9357024C4CC7100704628 /* Project object */;
}
